{
  "name": "react-examples",
  "version": "1.0.0",
  "lockfileVersion": 1,
  "requires": true,
  "dependencies": {
    "@babel/runtime": {
      "version": "7.0.0-rc.1",
      "resolved": "https://registry.npmjs.org/@babel/runtime/-/runtime-7.0.0-rc.1.tgz",
      "integrity": "sha512-Nifv2kwP/nwR39cAOasNxzjYfpeuf/ZbZNtQz5eYxWTC9yHARU9wItFnAwz1GTZ62MU+AtSjzZPMbLK5Q9hmbg==",
      "requires": {
        "regenerator-runtime": "0.12.1"
      }
    },
    "fn-name": {
      "version": "2.0.1",
      "resolved": "https://registry.npmjs.org/fn-name/-/fn-name-2.0.1.tgz",
      "integrity": "sha1-UhTXU3pNBqSjAcDMJi/rhBiAAuc="
    },
    "lodash": {
      "version": "4.17.10",
      "resolved": "https://registry.npmjs.org/lodash/-/lodash-4.17.10.tgz",
      "integrity": "sha512-UejweD1pDoXu+AD825lWwp4ZGtSwgnpZxb3JDViD7StjQz+Nb/6l093lx4OQ0foGWNRoc19mWy7BzL+UAK2iVg=="
    },
    "property-expr": {
      "version": "1.5.1",
      "resolved": "https://registry.npmjs.org/property-expr/-/property-expr-1.5.1.tgz",
      "integrity": "sha512-CGuc0VUTGthpJXL36ydB6jnbyOf/rAHFvmVrJlH+Rg0DqqLFQGAP6hIaxD/G0OAmBJPhXDHuEJigrp0e0wFV6g=="
    },
    "regenerator-runtime": {
      "version": "0.12.1",
      "resolved": "https://registry.npmjs.org/regenerator-runtime/-/regenerator-runtime-0.12.1.tgz",
      "integrity": "sha512-odxIc1/vDlo4iZcfXqRYFj0vpXFNoGdKMAUieAlFYO6m/nl5e9KR/beGf41z4a1FI+aQgtjhuaSlDxQ0hmkrHg=="
    },
    "synchronous-promise": {
      "version": "1.0.18",
      "resolved": "https://registry.npmjs.org/synchronous-promise/-/synchronous-promise-1.0.18.tgz",
      "integrity": "sha512-UqMAK6BBBXu8qaDI5omlyV9iDpM9nQfgthaBOK0nlfXnMgiuOBv+meWG73CGeCCFRhOOOa2e4rvqYzfynzy5zg=="
    },
    "toposort": {
      "version": "2.0.2",
      "resolved": "https://registry.npmjs.org/toposort/-/toposort-2.0.2.tgz",
      "integrity": "sha1-riF2gXXRVZ1IvvNUILL0li8JwzA="
    },
    "yup": {
      "version": "0.26.2",
      "resolved": "https://registry.npmjs.org/yup/-/yup-0.26.2.tgz",
      "integrity": "sha512-000TlB2p0eNPO/lMkmb+os+MpLpzrYyuKp+29o4dIox0h/lAFW4aJ6xn4e74uSpY+gBeEzFG4UKopD+f4a3Z9w==",
      "requires": {
        "@babel/runtime": "7.0.0-rc.1",
        "fn-name": "2.0.1",
        "lodash": "4.17.10",
        "property-expr": "1.5.1",
        "synchronous-promise": "1.0.18",
        "toposort": "2.0.2"
      }
    }
  }
}
